// !$*UTF8*$!
{
	archiveVersion = 1;
	classes = {
	};
	objectVersion = 46;
	objects = {

/* Begin PBXBuildFile section */
		821D18611F0A7FF50064EF75 /* Meal.swift in Sources */ = {isa = PBXBuildFile; fileRef = 821D18601F0A7FF50064EF75 /* Meal.swift */; };
		821D18631F0A82C70064EF75 /* Item.swift in Sources */ = {isa = PBXBuildFile; fileRef = 821D18621F0A82C70064EF75 /* Item.swift */; };
		82C225321F084CC2009DC144 /* AppDelegate.swift in Sources */ = {isa = PBXBuildFile; fileRef = 82C225311F084CC2009DC144 /* AppDelegate.swift */; };
		82C225391F084CC2009DC144 /* Assets.xcassets in Resources */ = {isa = PBXBuildFile; fileRef = 82C225381F084CC2009DC144 /* Assets.xcassets */; };
		82C2253C1F084CC2009DC144 /* LaunchScreen.storyboard in Resources */ = {isa = PBXBuildFile; fileRef = 82C2253A1F084CC2009DC144 /* LaunchScreen.storyboard */; };
		82C225471F084CC3009DC144 /* eggplant_brownieTests.swift in Sources */ = {isa = PBXBuildFile; fileRef = 82C225461F084CC3009DC144 /* eggplant_brownieTests.swift */; };
		82C225521F084CC3009DC144 /* eggplant_brownieUITests.swift in Sources */ = {isa = PBXBuildFile; fileRef = 82C225511F084CC3009DC144 /* eggplant_brownieUITests.swift */; };
		82D6BEB31F0CECE700CE4EE4 /* MealsTableViewController.swift in Sources */ = {isa = PBXBuildFile; fileRef = 82D6BEB11F0CECE700CE4EE4 /* MealsTableViewController.swift */; };
		82D6BEB41F0CECE700CE4EE4 /* ViewController.swift in Sources */ = {isa = PBXBuildFile; fileRef = 82D6BEB21F0CECE700CE4EE4 /* ViewController.swift */; };
		82D6BEB71F0CECF600CE4EE4 /* Main.storyboard in Resources */ = {isa = PBXBuildFile; fileRef = 82D6BEB61F0CECF600CE4EE4 /* Main.storyboard */; };
/* End PBXBuildFile section */

/* Begin PBXContainerItemProxy section */
		82C225431F084CC3009DC144 /* PBXContainerItemProxy */ = {
			isa = PBXContainerItemProxy;
			containerPortal = 82C225261F084CC2009DC144 /* Project object */;
			proxyType = 1;
			remoteGlobalIDString = 82C2252D1F084CC2009DC144;
			remoteInfo = "eggplant-brownie";
		};
		82C2254E1F084CC3009DC144 /* PBXContainerItemProxy */ = {
			isa = PBXContainerItemProxy;
			containerPortal = 82C225261F084CC2009DC144 /* Project object */;
			proxyType = 1;
			remoteGlobalIDString = 82C2252D1F084CC2009DC144;
			remoteInfo = "eggplant-brownie";
		};
/* End PBXContainerItemProxy section */

/* Begin PBXFileReference section */
		821D18601F0A7FF50064EF75 /* Meal.swift */ = {isa = PBXFileReference; fileEncoding = 4; lastKnownFileType = sourcecode.swift; path = Meal.swift; sourceTree = "<group>"; };
		821D18621F0A82C70064EF75 /* Item.swift */ = {isa = PBXFileReference; fileEncoding = 4; lastKnownFileType = sourcecode.swift; path = Item.swift; sourceTree = "<group>"; };
		82C2252E1F084CC2009DC144 /* eggplant-brownie.app */ = {isa = PBXFileReference; explicitFileType = wrapper.application; includeInIndex = 0; path = "eggplant-brownie.app"; sourceTree = BUILT_PRODUCTS_DIR; };
		82C225311F084CC2009DC144 /* AppDelegate.swift */ = {isa = PBXFileReference; lastKnownFileType = sourcecode.swift; path = AppDelegate.swift; sourceTree = "<group>"; };
		82C225381F084CC2009DC144 /* Assets.xcassets */ = {isa = PBXFileReference; lastKnownFileType = folder.assetcatalog; path = Assets.xcassets; sourceTree = "<group>"; };
		82C2253B1F084CC2009DC144 /* Base */ = {isa = PBXFileReference; lastKnownFileType = file.storyboard; name = Base; path = Base.lproj/LaunchScreen.storyboard; sourceTree = "<group>"; };
		82C2253D1F084CC2009DC144 /* Info.plist */ = {isa = PBXFileReference; lastKnownFileType = text.plist.xml; path = Info.plist; sourceTree = "<group>"; };
		82C225421F084CC3009DC144 /* eggplant-brownieTests.xctest */ = {isa = PBXFileReference; explicitFileType = wrapper.cfbundle; includeInIndex = 0; path = "eggplant-brownieTests.xctest"; sourceTree = BUILT_PRODUCTS_DIR; };
		82C225461F084CC3009DC144 /* eggplant_brownieTests.swift */ = {isa = PBXFileReference; lastKnownFileType = sourcecode.swift; path = eggplant_brownieTests.swift; sourceTree = "<group>"; };
		82C225481F084CC3009DC144 /* Info.plist */ = {isa = PBXFileReference; lastKnownFileType = text.plist.xml; path = Info.plist; sourceTree = "<group>"; };
		82C2254D1F084CC3009DC144 /* eggplant-brownieUITests.xctest */ = {isa = PBXFileReference; explicitFileType = wrapper.cfbundle; includeInIndex = 0; path = "eggplant-brownieUITests.xctest"; sourceTree = BUILT_PRODUCTS_DIR; };
		82C225511F084CC3009DC144 /* eggplant_brownieUITests.swift */ = {isa = PBXFileReference; lastKnownFileType = sourcecode.swift; path = eggplant_brownieUITests.swift; sourceTree = "<group>"; };
		82C225531F084CC3009DC144 /* Info.plist */ = {isa = PBXFileReference; lastKnownFileType = text.plist.xml; path = Info.plist; sourceTree = "<group>"; };
		82D6BEB11F0CECE700CE4EE4 /* MealsTableViewController.swift */ = {isa = PBXFileReference; fileEncoding = 4; lastKnownFileType = sourcecode.swift; path = MealsTableViewController.swift; sourceTree = "<group>"; };
		82D6BEB21F0CECE700CE4EE4 /* ViewController.swift */ = {isa = PBXFileReference; fileEncoding = 4; lastKnownFileType = sourcecode.swift; path = ViewController.swift; sourceTree = "<group>"; };
		82D6BEB61F0CECF600CE4EE4 /* Main.storyboard */ = {isa = PBXFileReference; fileEncoding = 4; lastKnownFileType = file.storyboard; path = Main.storyboard; sourceTree = "<group>"; };
/* End PBXFileReference section */

/* Begin PBXFrameworksBuildPhase section */
		82C2252B1F084CC2009DC144 /* Frameworks */ = {
			isa = PBXFrameworksBuildPhase;
			buildActionMask = 2147483647;
			files = (
			);
			runOnlyForDeploymentPostprocessing = 0;
		};
		82C2253F1F084CC3009DC144 /* Frameworks */ = {
			isa = PBXFrameworksBuildPhase;
			buildActionMask = 2147483647;
			files = (
			);
			runOnlyForDeploymentPostprocessing = 0;
		};
		82C2254A1F084CC3009DC144 /* Frameworks */ = {
			isa = PBXFrameworksBuildPhase;
			buildActionMask = 2147483647;
			files = (
			);
			runOnlyForDeploymentPostprocessing = 0;
		};
/* End PBXFrameworksBuildPhase section */

/* Begin PBXGroup section */
		821D185D1F0A7F8F0064EF75 /* models */ = {
			isa = PBXGroup;
			children = (
				821D18601F0A7FF50064EF75 /* Meal.swift */,
				821D18621F0A82C70064EF75 /* Item.swift */,
			);
			path = models;
			sourceTree = "<group>";
		};
		82C225251F084CC2009DC144 = {
			isa = PBXGroup;
			children = (
				82C225301F084CC2009DC144 /* eggplant-brownie */,
				82C225451F084CC3009DC144 /* eggplant-brownieTests */,
				82C225501F084CC3009DC144 /* eggplant-brownieUITests */,
				82C2252F1F084CC2009DC144 /* Products */,
			);
			sourceTree = "<group>";
		};
		82C2252F1F084CC2009DC144 /* Products */ = {
			isa = PBXGroup;
			children = (
				82C2252E1F084CC2009DC144 /* eggplant-brownie.app */,
				82C225421F084CC3009DC144 /* eggplant-brownieTests.xctest */,
				82C2254D1F084CC3009DC144 /* eggplant-brownieUITests.xctest */,
			);
			name = Products;
			sourceTree = "<group>";
		};
		82C225301F084CC2009DC144 /* eggplant-brownie */ = {
			isa = PBXGroup;
			children = (
				82D6BEB51F0CECF600CE4EE4 /* views */,
				82D6BEB01F0CECE700CE4EE4 /* viewcontrolers */,
				821D185D1F0A7F8F0064EF75 /* models */,
				82C225311F084CC2009DC144 /* AppDelegate.swift */,
				82C225381F084CC2009DC144 /* Assets.xcassets */,
				82C2253A1F084CC2009DC144 /* LaunchScreen.storyboard */,
				82C2253D1F084CC2009DC144 /* Info.plist */,
			);
			path = "eggplant-brownie";
			sourceTree = "<group>";
		};
		82C225451F084CC3009DC144 /* eggplant-brownieTests */ = {
			isa = PBXGroup;
			children = (
				82C225461F084CC3009DC144 /* eggplant_brownieTests.swift */,
				82C225481F084CC3009DC144 /* Info.plist */,
			);
			path = "eggplant-brownieTests";
			sourceTree = "<group>";
		};
		82C225501F084CC3009DC144 /* eggplant-brownieUITests */ = {
			isa = PBXGroup;
			children = (
				82C225511F084CC3009DC144 /* eggplant_brownieUITests.swift */,
				82C225531F084CC3009DC144 /* Info.plist */,
			);
			path = "eggplant-brownieUITests";
			sourceTree = "<group>";
		};
		82D6BEB01F0CECE700CE4EE4 /* viewcontrolers */ = {
			isa = PBXGroup;
			children = (
				82D6BEB11F0CECE700CE4EE4 /* MealsTableViewController.swift */,
				82D6BEB21F0CECE700CE4EE4 /* ViewController.swift */,
			);
			path = viewcontrolers;
			sourceTree = "<group>";
		};
		82D6BEB51F0CECF600CE4EE4 /* views */ = {
			isa = PBXGroup;
			children = (
				82D6BEB61F0CECF600CE4EE4 /* Main.storyboard */,
			);
			path = views;
			sourceTree = "<group>";
		};
/* End PBXGroup section */

/* Begin PBXNativeTarget section */
		82C2252D1F084CC2009DC144 /* eggplant-brownie */ = {
			isa = PBXNativeTarget;
			buildConfigurationList = 82C225561F084CC3009DC144 /* Build configuration list for PBXNativeTarget "eggplant-brownie" */;
			buildPhases = (
				82C2252A1F084CC2009DC144 /* Sources */,
				82C2252B1F084CC2009DC144 /* Frameworks */,
				82C2252C1F084CC2009DC144 /* Resources */,
			);
			buildRules = (
			);
			dependencies = (
			);
			name = "eggplant-brownie";
			productName = "eggplant-brownie";
			productReference = 82C2252E1F084CC2009DC144 /* eggplant-brownie.app */;
			productType = "com.apple.product-type.application";
		};
		82C225411F084CC3009DC144 /* eggplant-brownieTests */ = {
			isa = PBXNativeTarget;
			buildConfigurationList = 82C225591F084CC3009DC144 /* Build configuration list for PBXNativeTarget "eggplant-brownieTests" */;
			buildPhases = (
				82C2253E1F084CC3009DC144 /* Sources */,
				82C2253F1F084CC3009DC144 /* Frameworks */,
				82C225401F084CC3009DC144 /* Resources */,
			);
			buildRules = (
			);
			dependencies = (
				82C225441F084CC3009DC144 /* PBXTargetDependency */,
			);
			name = "eggplant-brownieTests";
			productName = "eggplant-brownieTests";
			productReference = 82C225421F084CC3009DC144 /* eggplant-brownieTests.xctest */;
			productType = "com.apple.product-type.bundle.unit-test";
		};
		82C2254C1F084CC3009DC144 /* eggplant-brownieUITests */ = {
			isa = PBXNativeTarget;
			buildConfigurationList = 82C2255C1F084CC3009DC144 /* Build configuration list for PBXNativeTarget "eggplant-brownieUITests" */;
			buildPhases = (
				82C225491F084CC3009DC144 /* Sources */,
				82C2254A1F084CC3009DC144 /* Frameworks */,
				82C2254B1F084CC3009DC144 /* Resources */,
			);
			buildRules = (
			);
			dependencies = (
				82C2254F1F084CC3009DC144 /* PBXTargetDependency */,
			);
			name = "eggplant-brownieUITests";
			productName = "eggplant-brownieUITests";
			productReference = 82C2254D1F084CC3009DC144 /* eggplant-brownieUITests.xctest */;
			productType = "com.apple.product-type.bundle.ui-testing";
		};
/* End PBXNativeTarget section */

/* Begin PBXProject section */
		82C225261F084CC2009DC144 /* Project object */ = {
			isa = PBXProject;
			attributes = {
				LastSwiftUpdateCheck = 0830;
				LastUpgradeCheck = 0830;
				ORGANIZATIONNAME = Alura;
				TargetAttributes = {
					82C2252D1F084CC2009DC144 = {
						CreatedOnToolsVersion = 8.3.3;
						DevelopmentTeam = 7FHTURG273;
						ProvisioningStyle = Automatic;
					};
					82C225411F084CC3009DC144 = {
						CreatedOnToolsVersion = 8.3.3;
						DevelopmentTeam = 7FHTURG273;
						ProvisioningStyle = Automatic;
						TestTargetID = 82C2252D1F084CC2009DC144;
					};
					82C2254C1F084CC3009DC144 = {
						CreatedOnToolsVersion = 8.3.3;
						DevelopmentTeam = 7FHTURG273;
						ProvisioningStyle = Automatic;
						TestTargetID = 82C2252D1F084CC2009DC144;
					};
				};
			};
			buildConfigurationList = 82C225291F084CC2009DC144 /* Build configuration list for PBXProject "eggplant-brownie" */;
			compatibilityVersion = "Xcode 3.2";
			developmentRegion = English;
			hasScannedForEncodings = 0;
			knownRegions = (
				en,
				Base,
			);
			mainGroup = 82C225251F084CC2009DC144;
			productRefGroup = 82C2252F1F084CC2009DC144 /* Products */;
			projectDirPath = "";
			projectRoot = "";
			targets = (
				82C2252D1F084CC2009DC144 /* eggplant-brownie */,
				82C225411F084CC3009DC144 /* eggplant-brownieTests */,
				82C2254C1F084CC3009DC144 /* eggplant-brownieUITests */,
			);
		};
/* End PBXProject section */

/* Begin PBXResourcesBuildPhase section */
		82C2252C1F084CC2009DC144 /* Resources */ = {
			isa = PBXResourcesBuildPhase;
			buildActionMask = 2147483647;
			files = (
				82D6BEB71F0CECF600CE4EE4 /* Main.storyboard in Resources */,
				82C2253C1F084CC2009DC144 /* LaunchScreen.storyboard in Resources */,
				82C225391F084CC2009DC144 /* Assets.xcassets in Resources */,
			);
			runOnlyForDeploymentPostprocessing = 0;
		};
		82C225401F084CC3009DC144 /* Resources */ = {
			isa = PBXResourcesBuildPhase;
			buildActionMask = 2147483647;
			files = (
			);
			runOnlyForDeploymentPostprocessing = 0;
		};
		82C2254B1F084CC3009DC144 /* Resources */ = {
			isa = PBXResourcesBuildPhase;
			buildActionMask = 2147483647;
			files = (
			);
			runOnlyForDeploymentPostprocessing = 0;
		};
/* End PBXResourcesBuildPhase section */

/* Begin PBXSourcesBuildPhase section */
		82C2252A1F084CC2009DC144 /* Sources */ = {
			isa = PBXSourcesBuildPhase;
			buildActionMask = 2147483647;
			files = (
				82D6BEB41F0CECE700CE4EE4 /* ViewController.swift in Sources */,
				82D6BEB31F0CECE700CE4EE4 /* MealsTableViewController.swift in Sources */,
				821D18631F0A82C70064EF75 /* Item.swift in Sources */,
				821D18611F0A7FF50064EF75 /* Meal.swift in Sources */,
				82C225321F084CC2009DC144 /* AppDelegate.swift in Sources */,
			);
			runOnlyForDeploymentPostprocessing = 0;
		};
		82C2253E1F084CC3009DC144 /* Sources */ = {
			isa = PBXSourcesBuildPhase;
			buildActionMask = 2147483647;
			files = (
				82C225471F084CC3009DC144 /* eggplant_brownieTests.swift in Sources */,
			);
			runOnlyForDeploymentPostprocessing = 0;
		};
		82C225491F084CC3009DC144 /* Sources */ = {
			isa = PBXSourcesBuildPhase;
			buildActionMask = 2147483647;
			files = (
				82C225521F084CC3009DC144 /* eggplant_brownieUITests.swift in Sources */,
			);
			runOnlyForDeploymentPostprocessing = 0;
		};
/* End PBXSourcesBuildPhase section */

/* Begin PBXTargetDependency section */
		82C225441F084CC3009DC144 /* PBXTargetDependency */ = {
			isa = PBXTargetDependency;
			target = 82C2252D1F084CC2009DC144 /* eggplant-brownie */;
			targetProxy = 82C225431F084CC3009DC144 /* PBXContainerItemProxy */;
		};
		82C2254F1F084CC3009DC144 /* PBXTargetDependency */ = {
			isa = PBXTargetDependency;
			target = 82C2252D1F084CC2009DC144 /* eggplant-brownie */;
			targetProxy = 82C2254E1F084CC3009DC144 /* PBXContainerItemProxy */;
		};
/* End PBXTargetDependency section */

/* Begin PBXVariantGroup section */
		82C2253A1F084CC2009DC144 /* LaunchScreen.storyboard */ = {
			isa = PBXVariantGroup;
			children = (
				82C2253B1F084CC2009DC144 /* Base */,
			);
			name = LaunchScreen.storyboard;
			sourceTree = "<group>";
		};
/* End PBXVariantGroup section */

/* Begin XCBuildConfiguration section */
		82C225541F084CC3009DC144 /* Debug */ = {
			isa = XCBuildConfiguration;
			buildSettings = {
				ALWAYS_SEARCH_USER_PATHS = NO;
				CLANG_ANALYZER_NONNULL = YES;
				CLANG_ANALYZER_NUMBER_OBJECT_CONVERSION = YES_AGGRESSIVE;
				CLANG_CXX_LANGUAGE_STANDARD = "gnu++0x";
				CLANG_CXX_LIBRARY = "libc++";
				CLANG_ENABLE_MODULES = YES;
				CLANG_ENABLE_OBJC_ARC = YES;
				CLANG_WARN_BOOL_CONVERSION = YES;
				CLANG_WARN_CONSTANT_CONVERSION = YES;
				CLANG_WARN_DIRECT_OBJC_ISA_USAGE = YES_ERROR;
				CLANG_WARN_DOCUMENTATION_COMMENTS = YES;
				CLANG_WARN_EMPTY_BODY = YES;
				CLANG_WARN_ENUM_CONVERSION = YES;
				CLANG_WARN_INFINITE_RECURSION = YES;
				CLANG_WARN_INT_CONVERSION = YES;
				CLANG_WARN_OBJC_ROOT_CLASS = YES_ERROR;
				CLANG_WARN_SUSPICIOUS_MOVE = YES;
				CLANG_WARN_UNREACHABLE_CODE = YES;
				CLANG_WARN__DUPLICATE_METHOD_MATCH = YES;
				"CODE_SIGN_IDENTITY[sdk=iphoneos*]" = "iPhone Developer";
				COPY_PHASE_STRIP = NO;
				DEBUG_INFORMATION_FORMAT = dwarf;
				ENABLE_STRICT_OBJC_MSGSEND = YES;
				ENABLE_TESTABILITY = YES;
				GCC_C_LANGUAGE_STANDARD = gnu99;
				GCC_DYNAMIC_NO_PIC = NO;
				GCC_NO_COMMON_BLOCKS = YES;
				GCC_OPTIMIZATION_LEVEL = 0;
				GCC_PREPROCESSOR_DEFINITIONS = (
					"DEBUG=1",
					"$(inherited)",
				);
				GCC_WARN_64_TO_32_BIT_CONVERSION = YES;
				GCC_WARN_ABOUT_RETURN_TYPE = YES_ERROR;
				GCC_WARN_UNDECLARED_SELECTOR = YES;
				GCC_WARN_UNINITIALIZED_AUTOS = YES_AGGRESSIVE;
				GCC_WARN_UNUSED_FUNCTION = YES;
				GCC_WARN_UNUSED_VARIABLE = YES;
				IPHONEOS_DEPLOYMENT_TARGET = 10.3;
				MTL_ENABLE_DEBUG_INFO = YES;
				ONLY_ACTIVE_ARCH = YES;
				SDKROOT = iphoneos;
				SWIFT_ACTIVE_COMPILATION_CONDITIONS = DEBUG;
				SWIFT_OPTIMIZATION_LEVEL = "-Onone";
			};
			name = Debug;
		};
		82C225551F084CC3009DC144 /* Release */ = {
			isa = XCBuildConfiguration;
			buildSettings = {
				ALWAYS_SEARCH_USER_PATHS = NO;
				CLANG_ANALYZER_NONNULL = YES;
				CLANG_ANALYZER_NUMBER_OBJECT_CONVERSION = YES_AGGRESSIVE;
				CLANG_CXX_LANGUAGE_STANDARD = "gnu++0x";
				CLANG_CXX_LIBRARY = "libc++";
				CLANG_ENABLE_MODULES = YES;
				CLANG_ENABLE_OBJC_ARC = YES;
				CLANG_WARN_BOOL_CONVERSION = YES;
				CLANG_WARN_CONSTANT_CONVERSION = YES;
				CLANG_WARN_DIRECT_OBJC_ISA_USAGE = YES_ERROR;
				CLANG_WARN_DOCUMENTATION_COMMENTS = YES;
				CLANG_WARN_EMPTY_BODY = YES;
				CLANG_WARN_ENUM_CONVERSION = YES;
				CLANG_WARN_INFINITE_RECURSION = YES;
				CLANG_WARN_INT_CONVERSION = YES;
				CLANG_WARN_OBJC_ROOT_CLASS = YES_ERROR;
				CLANG_WARN_SUSPICIOUS_MOVE = YES;
				CLANG_WARN_UNREACHABLE_CODE = YES;
				CLANG_WARN__DUPLICATE_METHOD_MATCH = YES;
				"CODE_SIGN_IDENTITY[sdk=iphoneos*]" = "iPhone Developer";
				COPY_PHASE_STRIP = NO;
				DEBUG_INFORMATION_FORMAT = "dwarf-with-dsym";
				ENABLE_NS_ASSERTIONS = NO;
				ENABLE_STRICT_OBJC_MSGSEND = YES;
				GCC_C_LANGUAGE_STANDARD = gnu99;
				GCC_NO_COMMON_BLOCKS = YES;
				GCC_WARN_64_TO_32_BIT_CONVERSION = YES;
				GCC_WARN_ABOUT_RETURN_TYPE = YES_ERROR;
				GCC_WARN_UNDECLARED_SELECTOR = YES;
				GCC_WARN_UNINITIALIZED_AUTOS = YES_AGGRESSIVE;
				GCC_WARN_UNUSED_FUNCTION = YES;
				GCC_WARN_UNUSED_VARIABLE = YES;
				IPHONEOS_DEPLOYMENT_TARGET = 10.3;
				MTL_ENABLE_DEBUG_INFO = NO;
				SDKROOT = iphoneos;
				SWIFT_OPTIMIZATION_LEVEL = "-Owholemodule";
				VALIDATE_PRODUCT = YES;
			};
			name = Release;
		};
		82C225571F084CC3009DC144 /* Debug */ = {
			isa = XCBuildConfiguration;
			buildSettings = {
				ASSETCATALOG_COMPILER_APPICON_NAME = AppIcon;
				DEVELOPMENT_TEAM = 7FHTURG273;
				INFOPLIST_FILE = "eggplant-brownie/Info.plist";
				LD_RUNPATH_SEARCH_PATHS = "$(inherited) @executable_path/Frameworks";
				PRODUCT_BUNDLE_IDENTIFIER = "br.com.alura.eggplant-brownie";
				PRODUCT_NAME = "$(TARGET_NAME)";
				SWIFT_VERSION = 3.0;
			};
			name = Debug;
		};
		82C225581F084CC3009DC144 /* Release */ = {
			isa = XCBuildConfiguration;
			buildSettings = {
				ASSETCATALOG_COMPILER_APPICON_NAME = AppIcon;
				DEVELOPMENT_TEAM = 7FHTURG273;
				INFOPLIST_FILE = "eggplant-brownie/Info.plist";
				LD_RUNPATH_SEARCH_PATHS = "$(inherited) @executable_path/Frameworks";
				PRODUCT_BUNDLE_IDENTIFIER = "br.com.alura.eggplant-brownie";
				PRODUCT_NAME = "$(TARGET_NAME)";
				SWIFT_VERSION = 3.0;
			};
			name = Release;
		};
		82C2255A1F084CC3009DC144 /* Debug */ = {
			isa = XCBuildConfiguration;
			buildSettings = {
				ALWAYS_EMBED_SWIFT_STANDARD_LIBRARIES = YES;
				BUNDLE_LOADER = "$(TEST_HOST)";
				DEVELOPMENT_TEAM = 7FHTURG273;
				INFOPLIST_FILE = "eggplant-brownieTests/Info.plist";
				LD_RUNPATH_SEARCH_PATHS = "$(inherited) @executable_path/Frameworks @loader_path/Frameworks";
				PRODUCT_BUNDLE_IDENTIFIER = "br.com.alura.eggplant-brownieTests";
				PRODUCT_NAME = "$(TARGET_NAME)";
				SWIFT_VERSION = 3.0;
				TEST_HOST = "$(BUILT_PRODUCTS_DIR)/eggplant-brownie.app/eggplant-brownie";
			};
			name = Debug;
		};
		82C2255B1F084CC3009DC144 /* Release */ = {
			isa = XCBuildConfiguration;
			buildSettings = {
				ALWAYS_EMBED_SWIFT_STANDARD_LIBRARIES = YES;
				BUNDLE_LOADER = "$(TEST_HOST)";
				DEVELOPMENT_TEAM = 7FHTURG273;
				INFOPLIST_FILE = "eggplant-brownieTests/Info.plist";
				LD_RUNPATH_SEARCH_PATHS = "$(inherited) @executable_path/Frameworks @loader_path/Frameworks";
				PRODUCT_BUNDLE_IDENTIFIER = "br.com.alura.eggplant-brownieTests";
				PRODUCT_NAME = "$(TARGET_NAME)";
				SWIFT_VERSION = 3.0;
				TEST_HOST = "$(BUILT_PRODUCTS_DIR)/eggplant-brownie.app/eggplant-brownie";
			};
			name = Release;
		};
		82C2255D1F084CC3009DC144 /* Debug */ = {
			isa = XCBuildConfiguration;
			buildSettings = {
				ALWAYS_EMBED_SWIFT_STANDARD_LIBRARIES = YES;
				DEVELOPMENT_TEAM = 7FHTURG273;
				INFOPLIST_FILE = "eggplant-brownieUITests/Info.plist";
				LD_RUNPATH_SEARCH_PATHS = "$(inherited) @executable_path/Frameworks @loader_path/Frameworks";
				PRODUCT_BUNDLE_IDENTIFIER = "br.com.alura.eggplant-brownieUITests";
				PRODUCT_NAME = "$(TARGET_NAME)";
				SWIFT_VERSION = 3.0;
				TEST_TARGET_NAME = "eggplant-brownie";
			};
			name = Debug;
		};
		82C2255E1F084CC3009DC144 /* Release */ = {
			isa = XCBuildConfiguration;
			buildSettings = {
				ALWAYS_EMBED_SWIFT_STANDARD_LIBRARIES = YES;
				DEVELOPMENT_TEAM = 7FHTURG273;
				INFOPLIST_FILE = "eggplant-brownieUITests/Info.plist";
				LD_RUNPATH_SEARCH_PATHS = "$(inherited) @executable_path/Frameworks @loader_path/Frameworks";
				PRODUCT_BUNDLE_IDENTIFIER = "br.com.alura.eggplant-brownieUITests";
				PRODUCT_NAME = "$(TARGET_NAME)";
				SWIFT_VERSION = 3.0;
				TEST_TARGET_NAME = "eggplant-brownie";
			};
			name = Release;
		};
/* End XCBuildConfiguration section */

/* Begin XCConfigurationList section */
		82C225291F084CC2009DC144 /* Build configuration list for PBXProject "eggplant-brownie" */ = {
			isa = XCConfigurationList;
			buildConfigurations = (
				82C225541F084CC3009DC144 /* Debug */,
				82C225551F084CC3009DC144 /* Release */,
			);
			defaultConfigurationIsVisible = 0;
			defaultConfigurationName = Release;
		};
		82C225561F084CC3009DC144 /* Build configuration list for PBXNativeTarget "eggplant-brownie" */ = {
			isa = XCConfigurationList;
			buildConfigurations = (
				82C225571F084CC3009DC144 /* Debug */,
				82C225581F084CC3009DC144 /* Release */,
			);
			defaultConfigurationIsVisible = 0;
			defaultConfigurationName = Release;
		};
		82C225591F084CC3009DC144 /* Build configuration list for PBXNativeTarget "eggplant-brownieTests" */ = {
			isa = XCConfigurationList;
			buildConfigurations = (
				82C2255A1F084CC3009DC144 /* Debug */,
				82C2255B1F084CC3009DC144 /* Release */,
			);
			defaultConfigurationIsVisible = 0;
			defaultConfigurationName = Release;
		};
		82C2255C1F084CC3009DC144 /* Build configuration list for PBXNativeTarget "eggplant-brownieUITests" */ = {
			isa = XCConfigurationList;
			buildConfigurations = (
				82C2255D1F084CC3009DC144 /* Debug */,
				82C2255E1F084CC3009DC144 /* Release */,
			);
			defaultConfigurationIsVisible = 0;
			defaultConfigurationName = Release;
		};
/* End XCConfigurationList section */
	};
	rootObject = 82C225261F084CC2009DC144 /* Project object */;
}
